
Microsoft Visual Studio Solution File, Format Version 12.00
# Visual Studio Version 17
VisualStudioVersion = 17.0.31903.59
MinimumVisualStudioVersion = 10.0.40219.1
Project("{FAE04EC0-301F-11D3-BF4B-00C04F79EFBC}") = "Application", "Application\Application.csproj", "{565ECCDA-1F85-44D9-8F13-914C9A78F304}"
EndProject
Project("{FAE04EC0-301F-11D3-BF4B-00C04F79EFBC}") = "Infrastructure", "Infrastructure\Infrastructure.csproj", "{614BAB92-3A1B-4A2F-99DE-587867ABACA2}"
EndProject
Project("{FAE04EC0-301F-11D3-BF4B-00C04F79EFBC}") = "WebApi", "WebApi\WebApi.csproj", "{3183B2E4-615A-43FE-A5D6-203C46C6ACC9}"
EndProject
Project("{FAE04EC0-301F-11D3-BF4B-00C04F79EFBC}") = "Tests", "Tests\Tests.csproj", "{037D4B85-C49E-417A-AAA3-11F0CB69190C}"
EndProject
Project("{2150E333-8FDC-42A3-9474-1A3956D46DE8}") = "Domain", "Domain", "{99EC633F-4CBA-4C7F-A289-CD1E5CE7DA48}"
EndProject
Project("{FAE04EC0-301F-11D3-BF4B-00C04F79EFBC}") = "ValueObjects", "Domain\ValueObjects\ValueObjects.csproj", "{4B77C7D8-EA00-4996-AD9B-C27BF1214B68}"
EndProject
Project("{FAE04EC0-301F-11D3-BF4B-00C04F79EFBC}") = "Entities", "Domain\Entities\Entities.csproj", "{5C2ED862-5C49-4BE8-BFD2-94DBA6E809C7}"
EndProject
Global
	GlobalSection(SolutionConfigurationPlatforms) = preSolution
		Debug|Any CPU = Debug|Any CPU
		Release|Any CPU = Release|Any CPU
	EndGlobalSection
	GlobalSection(SolutionProperties) = preSolution
		HideSolutionNode = FALSE
	EndGlobalSection
	GlobalSection(ProjectConfigurationPlatforms) = postSolution
		{565ECCDA-1F85-44D9-8F13-914C9A78F304}.Debug|Any CPU.ActiveCfg = Debug|Any CPU
		{565ECCDA-1F85-44D9-8F13-914C9A78F304}.Debug|Any CPU.Build.0 = Debug|Any CPU
		{565ECCDA-1F85-44D9-8F13-914C9A78F304}.Release|Any CPU.ActiveCfg = Release|Any CPU
		{565ECCDA-1F85-44D9-8F13-914C9A78F304}.Release|Any CPU.Build.0 = Release|Any CPU
		{614BAB92-3A1B-4A2F-99DE-587867ABACA2}.Debug|Any CPU.ActiveCfg = Debug|Any CPU
		{614BAB92-3A1B-4A2F-99DE-587867ABACA2}.Debug|Any CPU.Build.0 = Debug|Any CPU
		{614BAB92-3A1B-4A2F-99DE-587867ABACA2}.Release|Any CPU.ActiveCfg = Release|Any CPU
		{614BAB92-3A1B-4A2F-99DE-587867ABACA2}.Release|Any CPU.Build.0 = Release|Any CPU
		{3183B2E4-615A-43FE-A5D6-203C46C6ACC9}.Debug|Any CPU.ActiveCfg = Debug|Any CPU
		{3183B2E4-615A-43FE-A5D6-203C46C6ACC9}.Debug|Any CPU.Build.0 = Debug|Any CPU
		{3183B2E4-615A-43FE-A5D6-203C46C6ACC9}.Release|Any CPU.ActiveCfg = Release|Any CPU
		{3183B2E4-615A-43FE-A5D6-203C46C6ACC9}.Release|Any CPU.Build.0 = Release|Any CPU
		{037D4B85-C49E-417A-AAA3-11F0CB69190C}.Debug|Any CPU.ActiveCfg = Debug|Any CPU
		{037D4B85-C49E-417A-AAA3-11F0CB69190C}.Debug|Any CPU.Build.0 = Debug|Any CPU
		{037D4B85-C49E-417A-AAA3-11F0CB69190C}.Release|Any CPU.ActiveCfg = Release|Any CPU
		{037D4B85-C49E-417A-AAA3-11F0CB69190C}.Release|Any CPU.Build.0 = Release|Any CPU
		{4B77C7D8-EA00-4996-AD9B-C27BF1214B68}.Debug|Any CPU.ActiveCfg = Debug|Any CPU
		{4B77C7D8-EA00-4996-AD9B-C27BF1214B68}.Debug|Any CPU.Build.0 = Debug|Any CPU
		{4B77C7D8-EA00-4996-AD9B-C27BF1214B68}.Release|Any CPU.ActiveCfg = Release|Any CPU
		{4B77C7D8-EA00-4996-AD9B-C27BF1214B68}.Release|Any CPU.Build.0 = Release|Any CPU
		{5C2ED862-5C49-4BE8-BFD2-94DBA6E809C7}.Debug|Any CPU.ActiveCfg = Debug|Any CPU
		{5C2ED862-5C49-4BE8-BFD2-94DBA6E809C7}.Debug|Any CPU.Build.0 = Debug|Any CPU
		{5C2ED862-5C49-4BE8-BFD2-94DBA6E809C7}.Release|Any CPU.ActiveCfg = Release|Any CPU
		{5C2ED862-5C49-4BE8-BFD2-94DBA6E809C7}.Release|Any CPU.Build.0 = Release|Any CPU
	EndGlobalSection
	GlobalSection(NestedProjects) = preSolution
		{4B77C7D8-EA00-4996-AD9B-C27BF1214B68} = {99EC633F-4CBA-4C7F-A289-CD1E5CE7DA48}
		{5C2ED862-5C49-4BE8-BFD2-94DBA6E809C7} = {99EC633F-4CBA-4C7F-A289-CD1E5CE7DA48}
	EndGlobalSection
EndGlobal
